{
  "name": "react-email-starter",
  "version": "1.1.0",
  "lockfileVersion": 3,
  "requires": true,
  "packages": {
    "": {
      "name": "react-email-starter",
      "version": "1.1.0",
      "dependencies": {
        "@react-email/components": "1.0.2",
        "react": "^19.0.0",
        "react-dom": "^19.0.0",
        "resend": "^6.6.0"
      },
      "devDependencies": {
        "@react-email/preview-server": "5.1.0",
        "@types/react": "^19.0.1",
        "@types/react-dom": "^19.0.1",
        "react-email": "5.1.0"
      }
    },
    "../../node_modules/.pnpm/@react-email+components@1.0.2_react-dom@19.2.1_react@19.2.1__react@19.2.1/node_modules/@react-email/components": {
      "version": "1.0.2",
      "license": "MIT",
      "dependencies": {
        "@react-email/body": "0.2.0",
        "@react-email/button": "0.2.0",
        "@react-email/code-block": "0.2.0",
        "@react-email/code-inline": "0.0.5",
        "@react-email/column": "0.0.13",
        "@react-email/container": "0.0.15",
        "@react-email/font": "0.0.9",
        "@react-email/head": "0.0.12",
        "@react-email/heading": "0.0.15",
        "@react-email/hr": "0.0.11",
        "@react-email/html": "0.0.11",
        "@react-email/img": "0.0.11",
        "@react-email/link": "0.0.12",
        "@react-email/markdown": "0.0.17",
        "@react-email/preview": "0.0.13",
        "@react-email/render": "2.0.0",
        "@react-email/row": "0.0.12",
        "@react-email/section": "0.0.16",
        "@react-email/tailwind": "2.0.2",
        "@react-email/text": "0.1.5"
      },
      "devDependencies": {
        "tsconfig": "0.0.0",
        "typescript": "5.8.3"
      },
      "engines": {
        "node": ">=20.0.0"
      },
      "peerDependencies": {
        "react": "^18.0 || ^19.0 || ^19.0.0-rc"
      }
    },
    "../../node_modules/.pnpm/@react-email+preview-server@5.1.0_react-dom@19.2.1_react@19.2.1__react@19.2.1/node_modules/@react-email/preview-server": {
      "version": "5.1.0",
      "dev": true,
      "license": "MIT",
      "dependencies": {
        "next": "16.0.10"
      },
      "devDependencies": {
        "@babel/core": "7.26.10",
        "@babel/parser": "7.27.0",
        "@babel/traverse": "7.27.0",
        "@lottiefiles/dotlottie-react": "0.13.3",
        "@radix-ui/colors": "3.0.0",
        "@radix-ui/react-collapsible": "1.1.12",
        "@radix-ui/react-dropdown-menu": "2.1.16",
        "@radix-ui/react-popover": "1.1.15",
        "@radix-ui/react-slot": "1.2.3",
        "@radix-ui/react-tabs": "1.1.13",
        "@radix-ui/react-toggle": "1.1.10",
        "@radix-ui/react-toggle-group": "1.1.11",
        "@radix-ui/react-tooltip": "1.2.8",
        "@react-email/body": "0.2.0",
        "@react-email/button": "0.2.0",
        "@react-email/code-block": "0.2.0",
        "@react-email/code-inline": "0.0.5",
        "@react-email/components": "1.0.2",
        "@react-email/container": "0.0.15",
        "@react-email/heading": "0.0.15",
        "@react-email/hr": "0.0.11",
        "@react-email/img": "0.0.11",
        "@react-email/link": "0.0.12",
        "@react-email/preview": "0.0.13",
        "@react-email/tailwind": "2.0.2",
        "@react-email/text": "0.1.5",
        "@tailwindcss/postcss": "4.1.17",
        "@types/babel__core": "7.20.5",
        "@types/babel__traverse": "7.20.7",
        "@types/css-tree": "2.3.10",
        "@types/fs-extra": "11.0.1",
        "@types/mime-types": "2.1.4",
        "@types/node": "22.14.1",
        "@types/normalize-path": "3.0.2",
        "@types/react": "19.0.10",
        "@types/react-dom": "19.0.4",
        "@types/webpack": "5.28.5",
        "clsx": "2.1.1",
        "colorjs.io": "0.5.2",
        "esbuild": "0.25.10",
        "framer-motion": "12.23.22",
        "log-symbols": "4.1.0",
        "module-punycode": "npm:punycode@2.3.1",
        "next-safe-action": "8.0.11",
        "node-html-parser": "7.0.1",
        "ora": "5.4.1",
        "postcss": "8.5.3",
        "pretty-bytes": "6.1.1",
        "prism-react-renderer": "2.4.1",
        "react": "19.0.0",
        "react-dom": "19.0.0",
        "resend": "6.4.0",
        "sharp": "0.34.4",
        "socket.io-client": "4.8.1",
        "sonner": "2.0.3",
        "source-map-js": "1.2.1",
        "stacktrace-parser": "0.1.11",
        "tailwind-merge": "3.2.0",
        "tailwindcss": "4.1.17",
        "typescript": "5.8.3",
        "use-debounce": "10.0.4",
        "zod": "4.1.12"
      }
    },
    "../../node_modules/.pnpm/@types+react-dom@19.2.3_@types+react@19.2.7/node_modules/@types/react-dom": {
      "version": "19.2.3",
      "dev": true,
      "license": "MIT",
      "peerDependencies": {
        "@types/react": "^19.2.0"
      }
    },
    "../../node_modules/.pnpm/@types+react@19.2.7/node_modules/@types/react": {
      "version": "19.2.7",
      "dev": true,
      "license": "MIT",
      "dependencies": {
        "csstype": "^3.2.2"
      }
    },
    "../../node_modules/.pnpm/react-dom@19.2.1_react@19.2.1/node_modules/react-dom": {
      "version": "19.2.1",
      "license": "MIT",
      "dependencies": {
        "scheduler": "^0.27.0"
      },
      "peerDependencies": {
        "react": "^19.2.1"
      }
    },
    "../../node_modules/.pnpm/react-email@5.1.0/node_modules/react-email": {
      "version": "5.1.0",
      "dev": true,
      "license": "MIT",
      "dependencies": {
        "@babel/parser": "^7.27.0",
        "@babel/traverse": "^7.27.0",
        "chokidar": "^4.0.3",
        "commander": "^13.0.0",
        "conf": "^15.0.2",
        "debounce": "^2.0.0",
        "esbuild": "^0.25.0",
        "glob": "^11.0.0",
        "jiti": "2.4.2",
        "log-symbols": "^7.0.0",
        "mime-types": "^3.0.0",
        "normalize-path": "^3.0.0",
        "nypm": "0.6.0",
        "ora": "^8.0.0",
        "prompts": "2.4.2",
        "socket.io": "^4.8.1",
        "tsconfig-paths": "4.2.0"
      },
      "bin": {
        "email": "dist/index.js"
      },
      "devDependencies": {
        "@react-email/components": "1.0.2",
        "@types/babel__core": "7.20.5",
        "@types/babel__traverse": "7.20.7",
        "@types/mime-types": "2.1.4",
        "@types/prompts": "2.4.9",
        "next": "16.0.10",
        "react": "19.0.0",
        "react-dom": "19.0.0",
        "typescript": "5.8.3"
      },
      "engines": {
        "node": ">=20.0.0"
      }
    },
    "../../node_modules/.pnpm/react@19.2.1/node_modules/react": {
      "version": "19.2.1",
      "license": "MIT",
      "engines": {
        "node": ">=0.10.0"
      }
    },
    "node_modules/@react-email/components": {
      "resolved": "../../node_modules/.pnpm/@react-email+components@1.0.2_react-dom@19.2.1_react@19.2.1__react@19.2.1/node_modules/@react-email/components",
      "link": true
    },
    "node_modules/@react-email/preview-server": {
      "resolved": "../../node_modules/.pnpm/@react-email+preview-server@5.1.0_react-dom@19.2.1_react@19.2.1__react@19.2.1/node_modules/@react-email/preview-server",
      "link": true
    },
    "node_modules/@stablelib/base64": {
      "version": "1.0.1",
      "resolved": "https://registry.npmjs.org/@stablelib/base64/-/base64-1.0.1.tgz",
      "integrity": "sha512-1bnPQqSxSuc3Ii6MhBysoWCg58j97aUjuCSZrGSmDxNqtytIi0k8utUenAwTZN4V5mXXYGsVUI9zeBqy+jBOSQ==",
      "license": "MIT"
    },
    "node_modules/@types/node": {
      "version": "22.19.3",
      "resolved": "https://registry.npmjs.org/@types/node/-/node-22.19.3.tgz",
      "integrity": "sha512-1N9SBnWYOJTrNZCdh/yJE+t910Y128BoyY+zBLWhL3r0TYzlTmFdXrPwHL9DyFZmlEXNQQolTZh3KHV31QDhyA==",
      "license": "MIT",
      "dependencies": {
        "undici-types": "~6.21.0"
      }
    },
    "node_modules/@types/react": {
      "resolved": "../../node_modules/.pnpm/@types+react@19.2.7/node_modules/@types/react",
      "link": true
    },
    "node_modules/@types/react-dom": {
      "resolved": "../../node_modules/.pnpm/@types+react-dom@19.2.3_@types+react@19.2.7/node_modules/@types/react-dom",
      "link": true
    },
    "node_modules/es6-promise": {
      "version": "4.2.8",
      "resolved": "https://registry.npmjs.org/es6-promise/-/es6-promise-4.2.8.tgz",
      "integrity": "sha512-HJDGx5daxeIvxdBxvG2cb9g4tEvwIk3i8+nhX0yGrYmZUzbkdg8QbDevheDB8gd0//uPj4c1EQua8Q+MViT0/w==",
      "license": "MIT"
    },
    "node_modules/fast-sha256": {
      "version": "1.3.0",
      "resolved": "https://registry.npmjs.org/fast-sha256/-/fast-sha256-1.3.0.tgz",
      "integrity": "sha512-n11RGP/lrWEFI/bWdygLxhI+pVeo1ZYIVwvvPkW7azl/rOy+F3HYRZ2K5zeE9mmkhQppyv9sQFx0JM9UabnpPQ==",
      "license": "Unlicense"
    },
    "node_modules/querystringify": {
      "version": "2.2.0",
      "resolved": "https://registry.npmjs.org/querystringify/-/querystringify-2.2.0.tgz",
      "integrity": "sha512-FIqgj2EUvTa7R50u0rGsyTftzjYmv/a3hO345bZNrqabNqjtgiDMgmo4mkUjd+nzU5oF3dClKqFIPUKybUyqoQ==",
      "license": "MIT"
    },
    "node_modules/react": {
      "resolved": "../../node_modules/.pnpm/react@19.2.1/node_modules/react",
      "link": true
    },
    "node_modules/react-dom": {
      "resolved": "../../node_modules/.pnpm/react-dom@19.2.1_react@19.2.1/node_modules/react-dom",
      "link": true
    },
    "node_modules/react-email": {
      "resolved": "../../node_modules/.pnpm/react-email@5.1.0/node_modules/react-email",
      "link": true
    },
    "node_modules/requires-port": {
      "version": "1.0.0",
      "resolved": "https://registry.npmjs.org/requires-port/-/requires-port-1.0.0.tgz",
      "integrity": "sha512-KigOCHcocU3XODJxsu8i/j8T9tzT4adHiecwORRQ0ZZFcp7ahwXuRU1m+yuO90C5ZUyGeGfocHDI14M3L3yDAQ==",
      "license": "MIT"
    },
    "node_modules/resend": {
      "version": "6.6.0",
      "resolved": "https://registry.npmjs.org/resend/-/resend-6.6.0.tgz",
      "integrity": "sha512-d1WoOqSxj5x76JtQMrieNAG1kZkh4NU4f+Je1yq4++JsDpLddhEwnJlNfvkCzvUuZy9ZquWmMMAm2mENd2JvRw==",
      "license": "MIT",
      "dependencies": {
        "svix": "1.76.1"
      },
      "engines": {
        "node": ">=20"
      },
      "peerDependencies": {
        "@react-email/render": "*"
      },
      "peerDependenciesMeta": {
        "@react-email/render": {
          "optional": true
        }
      }
    },
    "node_modules/svix": {
      "version": "1.76.1",
      "resolved": "https://registry.npmjs.org/svix/-/svix-1.76.1.tgz",
      "integrity": "sha512-CRuDWBTgYfDnBLRaZdKp9VuoPcNUq9An14c/k+4YJ15Qc5Grvf66vp0jvTltd4t7OIRj+8lM1DAgvSgvf7hdLw==",
      "license": "MIT",
      "dependencies": {
        "@stablelib/base64": "^1.0.0",
        "@types/node": "^22.7.5",
        "es6-promise": "^4.2.8",
        "fast-sha256": "^1.3.0",
        "url-parse": "^1.5.10",
        "uuid": "^10.0.0"
      }
    },
    "node_modules/undici-types": {
      "version": "6.21.0",
      "resolved": "https://registry.npmjs.org/undici-types/-/undici-types-6.21.0.tgz",
      "integrity": "sha512-iwDZqg0QAGrg9Rav5H4n0M64c3mkR59cJ6wQp+7C4nI0gsmExaedaYLNO44eT4AtBBwjbTiGPMlt2Md0T9H9JQ==",
      "license": "MIT"
    },
    "node_modules/url-parse": {
      "version": "1.5.10",
      "resolved": "https://registry.npmjs.org/url-parse/-/url-parse-1.5.10.tgz",
      "integrity": "sha512-WypcfiRhfeUP9vvF0j6rw0J3hrWrw6iZv3+22h6iRMJ/8z1Tj6XfLP4DsUix5MhMPnXpiHDoKyoZ/bdCkwBCiQ==",
      "license": "MIT",
      "dependencies": {
        "querystringify": "^2.1.1",
        "requires-port": "^1.0.0"
      }
    },
    "node_modules/uuid": {
      "version": "10.0.0",
      "resolved": "https://registry.npmjs.org/uuid/-/uuid-10.0.0.tgz",
      "integrity": "sha512-8XkAphELsDnEGrDxUOHB3RGvXz6TeuYSGEZBOjtTtPm2lwhGBjLgOzLHB63IUWfBpNucQjND6d3AOudO+H3RWQ==",
      "funding": [
        "https://github.com/sponsors/broofa",
        "https://github.com/sponsors/ctavan"
      ],
      "license": "MIT",
      "bin": {
        "uuid": "dist/bin/uuid"
      }
    }
  }
}
